<Solution>
  <Folder Name="/Elementos de la solución/">
    <File Path=".editorconfig" />
    <File Path=".gitignore" />
    <File Path="integration_tests.runsettings" />
  </Folder>
  <Project Path="CSM System Database Core/CSM System Database Core.csproj" />
  <Project Path="CSM System Database Testing/CSM System Database Testing.csproj" />
  <Project Path="Integration Tests/Integration Tests.csproj" />
</Solution>
